
Microsoft Visual Studio Solution File, Format Version 12.00
# Visual Studio Version 17
VisualStudioVersion = 17.9.34902.65
MinimumVisualStudioVersion = 10.0.40219.1
Project("{9A19103F-16F7-4668-BE54-9A1E7A4F7556}") = "DataSure", "DataSure\DataSure.csproj", "{AAB883A3-0973-4E6D-8726-7EBE4949EB5E}"
EndProject
Project("{9A19103F-16F7-4668-BE54-9A1E7A4F7556}") = "DataSure.Contracts", "DataSure.Contracts\DataSure.Contracts.csproj", "{F9BECD3D-21AC-4368-AE54-F3CB3A37AC75}"
EndProject
Project("{9A19103F-16F7-4668-BE54-9A1E7A4F7556}") = "DataSure.Service", "DataSure.Service\DataSure.Service.csproj", "{404DDABC-2E81-418E-B643-380D7827CE94}"
EndProject
Project("{9A19103F-16F7-4668-BE54-9A1E7A4F7556}") = "DataSure.Models", "DataSure.Models\DataSure.Models.csproj", "{103B8ADE-0B1E-4A27-9384-ECACA1F4B670}"
EndProject
Global
	GlobalSection(SolutionConfigurationPlatforms) = preSolution
		Debug|Any CPU = Debug|Any CPU
		Release|Any CPU = Release|Any CPU
	EndGlobalSection
	GlobalSection(ProjectConfigurationPlatforms) = postSolution
		{AAB883A3-0973-4E6D-8726-7EBE4949EB5E}.Debug|Any CPU.ActiveCfg = Debug|Any CPU
		{AAB883A3-0973-4E6D-8726-7EBE4949EB5E}.Debug|Any CPU.Build.0 = Debug|Any CPU
		{AAB883A3-0973-4E6D-8726-7EBE4949EB5E}.Debug|Any CPU.Deploy.0 = Debug|Any CPU
		{AAB883A3-0973-4E6D-8726-7EBE4949EB5E}.Release|Any CPU.ActiveCfg = Release|Any CPU
		{AAB883A3-0973-4E6D-8726-7EBE4949EB5E}.Release|Any CPU.Build.0 = Release|Any CPU
		{AAB883A3-0973-4E6D-8726-7EBE4949EB5E}.Release|Any CPU.Deploy.0 = Release|Any CPU
		{F9BECD3D-21AC-4368-AE54-F3CB3A37AC75}.Debug|Any CPU.ActiveCfg = Debug|Any CPU
		{F9BECD3D-21AC-4368-AE54-F3CB3A37AC75}.Debug|Any CPU.Build.0 = Debug|Any CPU
		{F9BECD3D-21AC-4368-AE54-F3CB3A37AC75}.Release|Any CPU.ActiveCfg = Release|Any CPU
		{F9BECD3D-21AC-4368-AE54-F3CB3A37AC75}.Release|Any CPU.Build.0 = Release|Any CPU
		{404DDABC-2E81-418E-B643-380D7827CE94}.Debug|Any CPU.ActiveCfg = Debug|Any CPU
		{404DDABC-2E81-418E-B643-380D7827CE94}.Debug|Any CPU.Build.0 = Debug|Any CPU
		{404DDABC-2E81-418E-B643-380D7827CE94}.Release|Any CPU.ActiveCfg = Release|Any CPU
		{404DDABC-2E81-418E-B643-380D7827CE94}.Release|Any CPU.Build.0 = Release|Any CPU
		{103B8ADE-0B1E-4A27-9384-ECACA1F4B670}.Debug|Any CPU.ActiveCfg = Debug|Any CPU
		{103B8ADE-0B1E-4A27-9384-ECACA1F4B670}.Debug|Any CPU.Build.0 = Debug|Any CPU
		{103B8ADE-0B1E-4A27-9384-ECACA1F4B670}.Release|Any CPU.ActiveCfg = Release|Any CPU
		{103B8ADE-0B1E-4A27-9384-ECACA1F4B670}.Release|Any CPU.Build.0 = Release|Any CPU
	EndGlobalSection
	GlobalSection(SolutionProperties) = preSolution
		HideSolutionNode = FALSE
	EndGlobalSection
	GlobalSection(ExtensibilityGlobals) = postSolution
		SolutionGuid = {518892CD-4AC1-48D9-8D97-E28D7ACACE7D}
	EndGlobalSection
EndGlobal
